
Microsoft Visual Studio Solution File, Format Version 12.00
Project("{FAE04EC0-301F-11D3-BF4B-00C04F79EFBC}") = "TheConsoleLottery", "TheConsoleLottery\TheConsoleLottery.csproj", "{E3CB4363-4130-47CC-81C3-0210109BA871}"
EndProject
Global
	GlobalSection(SolutionConfigurationPlatforms) = preSolution
		Debug|Any CPU = Debug|Any CPU
		Release|Any CPU = Release|Any CPU
	EndGlobalSection
	GlobalSection(ProjectConfigurationPlatforms) = postSolution
		{E3CB4363-4130-47CC-81C3-0210109BA871}.Debug|Any CPU.ActiveCfg = Debug|Any CPU
		{E3CB4363-4130-47CC-81C3-0210109BA871}.Debug|Any CPU.Build.0 = Debug|Any CPU
		{E3CB4363-4130-47CC-81C3-0210109BA871}.Release|Any CPU.ActiveCfg = Release|Any CPU
		{E3CB4363-4130-47CC-81C3-0210109BA871}.Release|Any CPU.Build.0 = Release|Any CPU
	EndGlobalSection
EndGlobal
