
Microsoft Visual Studio Solution File, Format Version 12.00
# Visual Studio Version 17
VisualStudioVersion = 17.11.35222.181
MinimumVisualStudioVersion = 10.0.40219.1
Project("{FAE04EC0-301F-11D3-BF4B-00C04F79EFBC}") = "ConsoleApp1", "ConsoleApp1\ConsoleApp1.csproj", "{FEDB6676-621D-43C6-A5AB-29C877A609C1}"
EndProject
Global
	GlobalSection(SolutionConfigurationPlatforms) = preSolution
		Debug|Any CPU = Debug|Any CPU
		Release|Any CPU = Release|Any CPU
	EndGlobalSection
	GlobalSection(ProjectConfigurationPlatforms) = postSolution
		{FEDB6676-621D-43C6-A5AB-29C877A609C1}.Debug|Any CPU.ActiveCfg = Debug|Any CPU
		{FEDB6676-621D-43C6-A5AB-29C877A609C1}.Debug|Any CPU.Build.0 = Debug|Any CPU
		{FEDB6676-621D-43C6-A5AB-29C877A609C1}.Release|Any CPU.ActiveCfg = Release|Any CPU
		{FEDB6676-621D-43C6-A5AB-29C877A609C1}.Release|Any CPU.Build.0 = Release|Any CPU
	EndGlobalSection
	GlobalSection(SolutionProperties) = preSolution
		HideSolutionNode = FALSE
	EndGlobalSection
	GlobalSection(ExtensibilityGlobals) = postSolution
		SolutionGuid = {3E9654D6-858E-48F1-AB9C-344F5D43A4AC}
	EndGlobalSection
EndGlobal
